PODS:
  - FMDB (2.6.2):
    - FMDB/standard (= 2.6.2)
  - FMDB/standard (2.6.2)
  - TNSQLDB (0.0.1):
    - FMDB

DEPENDENCIES:
  - TNSQLDB (from `../`)

EXTERNAL SOURCES:
  TNSQLDB:
    :path: "../"

SPEC CHECKSUMS:
  FMDB: 854a0341b4726e53276f2a8996f06f1b80f9259a
  TNSQLDB: d1663b69525cb19912d435ea399403a569833513

PODFILE CHECKSUM: 5e4ff52318e5021b9f96446e60a61a118f0644c7

COCOAPODS: 1.2.1.beta.1
